
Microsoft Visual Studio Solution File, Format Version 12.00
# Visual Studio Version 16
VisualStudioVersion = 16.0.31019.35
MinimumVisualStudioVersion = 10.0.40219.1
Project("{FAE04EC0-301F-11D3-BF4B-00C04F79EFBC}") = "Lab2Variant3", "Lab2Variant3\Lab2Variant3.csproj", "{CBE462DF-8AF2-459C-AECC-57502464313A}"
EndProject
Global
	GlobalSection(SolutionConfigurationPlatforms) = preSolution
		Debug|Any CPU = Debug|Any CPU
		Release|Any CPU = Release|Any CPU
	EndGlobalSection
	GlobalSection(ProjectConfigurationPlatforms) = postSolution
		{CBE462DF-8AF2-459C-AECC-57502464313A}.Debug|Any CPU.ActiveCfg = Debug|Any CPU
		{CBE462DF-8AF2-459C-AECC-57502464313A}.Debug|Any CPU.Build.0 = Debug|Any CPU
		{CBE462DF-8AF2-459C-AECC-57502464313A}.Release|Any CPU.ActiveCfg = Release|Any CPU
		{CBE462DF-8AF2-459C-AECC-57502464313A}.Release|Any CPU.Build.0 = Release|Any CPU
	EndGlobalSection
	GlobalSection(SolutionProperties) = preSolution
		HideSolutionNode = FALSE
	EndGlobalSection
	GlobalSection(ExtensibilityGlobals) = postSolution
		SolutionGuid = {E35B1350-B2D2-457B-8694-6F01348A9032}
	EndGlobalSection
EndGlobal
